{
    "_meta": {
        "hash": {
            "sha256": "4a57896d355d595452e50a1a54df592fe2146787a4790726fb5314c3bf795207"
        },
        "host-environment-markers": {
            "implementation_name": "cpython",
            "implementation_version": "0",
            "os_name": "nt",
            "platform_machine": "AMD64",
            "platform_python_implementation": "CPython",
            "platform_release": "10",
            "platform_system": "Windows",
            "platform_version": "10.0.15063",
            "python_full_version": "2.7.13",
            "python_version": "2.7",
            "sys_platform": "win32"
        },
        "pipfile-spec": 6,
        "requires": {},
        "sources": [
            {
                "name": "pypi",
                "url": "https://pypi.python.org/simple",
                "verify_ssl": true
            }
        ]
    },
    "default": {
        "click": {
            "hashes": [
                "sha256:29f99fc6125fbc931b758dc053b3114e55c77a6e4c6c3a2674a2dc986016381d",
                "sha256:f15516df478d5a56180fbf80e68f206010e6d160fc39fa508b65e035fd75130b"
            ],
            "version": "==6.7"
        },
        "fstrings": {
            "hashes": [
                "sha256:053c27bc2fbfa586582f0866b5cbc037bd81305f0fe10eeceac342391efe7faa",
                "sha256:ee7f7d552ec6f83c74a0d6d93459d906cb470f2f57539bf4186c7c6534789198"
            ],
            "version": "==0.1.0"
        },
        "nose": {
            "hashes": [
                "sha256:dadcddc0aefbf99eea214e0f1232b94f2fa9bd98fa8353711dacb112bfcbbb2a",
                "sha256:9ff7c6cc443f8c51994b34a667bbcf45afd6d945be7477b52e97516fd17c53ac",
                "sha256:f1bffef9cbc82628f6e7d7b40d7e255aefaa1adb6a1b1d26c69a8b79e6208a98"
            ],
            "version": "==1.3.7"
        },
        "psutil": {
            "hashes": [
                "sha256:2fbbc7dce43c5240b9dc6d56302d57412f1c5a0d665d1f04eb05a6b7279f4e9b",
                "sha256:259ec8578d19643179eb2377348c63b650b51ba40f58f2620a3d9732b8a0b557",
                "sha256:d3808be8241433db17fa955566c3b8be61dac8ba8f221dcbb202a9daba918db5",
                "sha256:449747f638c221f8ce6ca3548aefef13339aa05b453cc1f233f4d6c31c206198",
                "sha256:f6c2d54abd59ed8691882de7fd6b248f5808a567885f20f50b3b4b9eedaebb1f",
                "sha256:e3d00d8fc3d4217f05d07af45390f072c04cb7c7dddd70b86b728e5fbe485c81",
                "sha256:3473d6abad9d6ec7b8a97f4dc55f0b3483ecf470d85f08f5e23c1c07592b914f",
                "sha256:7dc6c3bbb5d28487f791f195d6abfdef295d34c44ce6cb5f2d178613fb3338ab",
                "sha256:00a1f9ff8d1e035fba7bfdd6977fa8ea7937afdb4477339e5df3dba78194fe11"
            ],
            "version": "==5.4.2"
        },
        "pyyaml": {
            "hashes": [
                "sha256:3262c96a1ca437e7e4763e2843746588a965426550f3797a79fca9c6199c431f",
                "sha256:16b20e970597e051997d90dc2cddc713a2876c47e3d92d59ee198700c5427736",
                "sha256:e863072cdf4c72eebf179342c94e6989c67185842d9997960b3e69290b2fa269",
                "sha256:bc6bced57f826ca7cb5125a10b23fd0f2fff3b7c4701d64c439a300ce665fff8",
                "sha256:c01b880ec30b5a6e6aa67b09a2fe3fb30473008c85cd6a67359a1b15ed6d83a4",
                "sha256:827dc04b8fa7d07c44de11fabbc888e627fa8293b695e0f99cb544fdfa1bf0d1",
                "sha256:592766c6303207a20efc445587778322d7f73b161bd994f227adaa341ba212ab",
                "sha256:5f84523c076ad14ff5e6c037fe1c89a7f73a3e04cf0377cb4d017014976433f3",
                "sha256:0c507b7f74b3d2dd4d1322ec8a94794927305ab4cebbe89cc47fe5e81541e6e8",
                "sha256:b4c423ab23291d3945ac61346feeb9a0dc4184999ede5e7c43e1ffb975130ae6",
                "sha256:ca233c64c6e40eaa6c66ef97058cdc80e8d0157a443655baa1b2966e812807ca",
                "sha256:4474f8ea030b5127225b8894d626bb66c01cda098d47a2b0d3429b6700af9fd8",
                "sha256:326420cbb492172dec84b0f65c80942de6cedb5233c413dd824483989c000608",
                "sha256:5ac82e411044fb129bae5cfbeb3ba626acb2af31a8d17d175004b70862a741a7"
            ],
            "version": "==3.12"
        },
        "scandir": {
            "hashes": [
                "sha256:913d0d04f3ea8f38a52a38e930a08deacd3643d71875a0751a5c01e006102998",
                "sha256:eb9d4a55bbeb0473a9c7d3ff81e12d44f0ad86daff48b02a95e2398c87ff1a00",
                "sha256:2b28d118b372de8950f85b65d8ddfd43643f139a5b721281dd6532bed6b8321c",
                "sha256:f14476800cfdd6809d5130840f78ca3c08aa25544113e2b33a0b2fe914583d69",
                "sha256:6db5aadb667bb709cc23921203e9c27f08225506a9b84b7ebe2b645dee47a4dd",
                "sha256:8129fe7b9211d080457e0ff87397d85bb9be6ebb482b6be6ad9700059ac2e516",
                "sha256:8fe782abf9314f2733c09d2191c1b3047475218ddbae90052b5c0f1a4215d5e2",
                "sha256:a93b6cc872eeccdc91b4c1c1e510820bee17f79c9455064fb8d3b73b51e52024",
                "sha256:9851e782da220073093da68b3451e3c33b10f84eca2aec17a24661c7c63357a2",
                "sha256:937d27e367af994afd3792904b794a82645ea9616dd336f5030e0b50e527eb57",
                "sha256:e0278a2d4bc6c0569aedbe66bf26c8ab5b2b08378b3289de49257f23ac624338"
            ],
            "version": "==1.6"
        },
        "scrim": {
            "hashes": [
                "sha256:4a544e2f05d07859034c5f66769d4b2e75c2e120ee85f806313a16ab8b9b1420",
                "sha256:f8e42f332ba2b9527b8b06b0194807b36d50eec6aee35703d5745c3452eba9ac"
            ],
            "version": "==0.0.5"
        }
    },
    "develop": {}
}
